// !$*UTF8*$!
{
	archiveVersion = 1;
	classes = {
	};
	objectVersion = 46;
	objects = {

/* Begin PBXBuildFile section */
		652C9EB91E111C6400BD9FC0 /* EditViewController.m in Sources */ = {isa = PBXBuildFile; fileRef = 652C9EB81E111C6400BD9FC0 /* EditViewController.m */; };
		652C9EBB1E1249BD00BD9FC0 /* Assets.xcassets in Resources */ = {isa = PBXBuildFile; fileRef = 652C9EBA1E1249BD00BD9FC0 /* Assets.xcassets */; };
		659390E21E1B6E4B00BD6051 /* CoreDataManager.m in Sources */ = {isa = PBXBuildFile; fileRef = 659390E11E1B6E4B00BD6051 /* CoreDataManager.m */; };
		659390E51E1B6FF800BD6051 /* FindMyFriends.xcdatamodeld in Sources */ = {isa = PBXBuildFile; fileRef = 659390E31E1B6FF800BD6051 /* FindMyFriends.xcdatamodeld */; };
		659390E71E1B730100BD6051 /* CoreData.framework in Frameworks */ = {isa = PBXBuildFile; fileRef = 659390E61E1B730100BD6051 /* CoreData.framework */; };
		659390EA1E1BA2AB00BD6051 /* FriendsViewController.m in Sources */ = {isa = PBXBuildFile; fileRef = 659390E91E1BA2AB00BD6051 /* FriendsViewController.m */; };
		659390ED1E1C8D3600BD6051 /* CoreDataAction.m in Sources */ = {isa = PBXBuildFile; fileRef = 659390EC1E1C8D3600BD6051 /* CoreDataAction.m */; };
		659390EF1E1D01F600BD6051 /* Main.storyboard in Resources */ = {isa = PBXBuildFile; fileRef = 659390EE1E1D01F600BD6051 /* Main.storyboard */; };
		659390F51E1D341C00BD6051 /* HistoryRecordViewController.m in Sources */ = {isa = PBXBuildFile; fileRef = 659390F41E1D341C00BD6051 /* HistoryRecordViewController.m */; };
		659390F81E1DDBE900BD6051 /* MapViewAction.m in Sources */ = {isa = PBXBuildFile; fileRef = 659390F71E1DDBE900BD6051 /* MapViewAction.m */; };
		659390FB1E1E1F0E00BD6051 /* CoreDataManagerForEvent.m in Sources */ = {isa = PBXBuildFile; fileRef = 659390FA1E1E1F0E00BD6051 /* CoreDataManagerForEvent.m */; };
		65B7C1A51E092DD50049498E /* main.m in Sources */ = {isa = PBXBuildFile; fileRef = 65B7C1A41E092DD50049498E /* main.m */; };
		65B7C1A81E092DD50049498E /* AppDelegate.m in Sources */ = {isa = PBXBuildFile; fileRef = 65B7C1A71E092DD50049498E /* AppDelegate.m */; };
		65B7C1AB1E092DD50049498E /* ViewController.m in Sources */ = {isa = PBXBuildFile; fileRef = 65B7C1AA1E092DD50049498E /* ViewController.m */; };
		65B7C1B31E092DD50049498E /* LaunchScreen.storyboard in Resources */ = {isa = PBXBuildFile; fileRef = 65B7C1B11E092DD50049498E /* LaunchScreen.storyboard */; };
		65B7C1BC1E0930110049498E /* CoreLocation.framework in Frameworks */ = {isa = PBXBuildFile; fileRef = 65B7C1BB1E0930110049498E /* CoreLocation.framework */; };
		65B7C1BE1E0930170049498E /* MapKit.framework in Frameworks */ = {isa = PBXBuildFile; fileRef = 65B7C1BD1E0930170049498E /* MapKit.framework */; };
		65B7C1C41E0A39B50049498E /* postAndGetLocation.m in Sources */ = {isa = PBXBuildFile; fileRef = 65B7C1C31E0A39B50049498E /* postAndGetLocation.m */; };
/* End PBXBuildFile section */

/* Begin PBXFileReference section */
		652C9EB71E111C6400BD9FC0 /* EditViewController.h */ = {isa = PBXFileReference; fileEncoding = 4; lastKnownFileType = sourcecode.c.h; path = EditViewController.h; sourceTree = "<group>"; };
		652C9EB81E111C6400BD9FC0 /* EditViewController.m */ = {isa = PBXFileReference; fileEncoding = 4; lastKnownFileType = sourcecode.c.objc; path = EditViewController.m; sourceTree = "<group>"; };
		652C9EBA1E1249BD00BD9FC0 /* Assets.xcassets */ = {isa = PBXFileReference; lastKnownFileType = folder.assetcatalog; path = Assets.xcassets; sourceTree = "<group>"; };
		659390E01E1B6E4B00BD6051 /* CoreDataManager.h */ = {isa = PBXFileReference; fileEncoding = 4; lastKnownFileType = sourcecode.c.h; path = CoreDataManager.h; sourceTree = "<group>"; };
		659390E11E1B6E4B00BD6051 /* CoreDataManager.m */ = {isa = PBXFileReference; fileEncoding = 4; lastKnownFileType = sourcecode.c.objc; path = CoreDataManager.m; sourceTree = "<group>"; };
		659390E41E1B6FF800BD6051 /* FindMyFriends.xcdatamodel */ = {isa = PBXFileReference; lastKnownFileType = wrapper.xcdatamodel; path = FindMyFriends.xcdatamodel; sourceTree = "<group>"; };
		659390E61E1B730100BD6051 /* CoreData.framework */ = {isa = PBXFileReference; lastKnownFileType = wrapper.framework; name = CoreData.framework; path = System/Library/Frameworks/CoreData.framework; sourceTree = SDKROOT; };
		659390E81E1BA2AB00BD6051 /* FriendsViewController.h */ = {isa = PBXFileReference; fileEncoding = 4; lastKnownFileType = sourcecode.c.h; path = FriendsViewController.h; sourceTree = "<group>"; };
		659390E91E1BA2AB00BD6051 /* FriendsViewController.m */ = {isa = PBXFileReference; fileEncoding = 4; lastKnownFileType = sourcecode.c.objc; path = FriendsViewController.m; sourceTree = "<group>"; };
		659390EB1E1C8D3600BD6051 /* CoreDataAction.h */ = {isa = PBXFileReference; fileEncoding = 4; lastKnownFileType = sourcecode.c.h; path = CoreDataAction.h; sourceTree = "<group>"; };
		659390EC1E1C8D3600BD6051 /* CoreDataAction.m */ = {isa = PBXFileReference; fileEncoding = 4; lastKnownFileType = sourcecode.c.objc; path = CoreDataAction.m; sourceTree = "<group>"; };
		659390EE1E1D01F600BD6051 /* Main.storyboard */ = {isa = PBXFileReference; fileEncoding = 4; lastKnownFileType = file.storyboard; path = Main.storyboard; sourceTree = "<group>"; };
		659390F31E1D341C00BD6051 /* HistoryRecordViewController.h */ = {isa = PBXFileReference; fileEncoding = 4; lastKnownFileType = sourcecode.c.h; path = HistoryRecordViewController.h; sourceTree = "<group>"; };
		659390F41E1D341C00BD6051 /* HistoryRecordViewController.m */ = {isa = PBXFileReference; fileEncoding = 4; lastKnownFileType = sourcecode.c.objc; path = HistoryRecordViewController.m; sourceTree = "<group>"; };
		659390F61E1DDBE900BD6051 /* MapViewAction.h */ = {isa = PBXFileReference; fileEncoding = 4; lastKnownFileType = sourcecode.c.h; path = MapViewAction.h; sourceTree = "<group>"; };
		659390F71E1DDBE900BD6051 /* MapViewAction.m */ = {isa = PBXFileReference; fileEncoding = 4; lastKnownFileType = sourcecode.c.objc; path = MapViewAction.m; sourceTree = "<group>"; };
		659390F91E1E1F0E00BD6051 /* CoreDataManagerForEvent.h */ = {isa = PBXFileReference; fileEncoding = 4; lastKnownFileType = sourcecode.c.h; path = CoreDataManagerForEvent.h; sourceTree = "<group>"; };
		659390FA1E1E1F0E00BD6051 /* CoreDataManagerForEvent.m */ = {isa = PBXFileReference; fileEncoding = 4; lastKnownFileType = sourcecode.c.objc; path = CoreDataManagerForEvent.m; sourceTree = "<group>"; };
		65B7C1A01E092DD50049498E /* FindMyFriends.app */ = {isa = PBXFileReference; explicitFileType = wrapper.application; includeInIndex = 0; path = FindMyFriends.app; sourceTree = BUILT_PRODUCTS_DIR; };
		65B7C1A41E092DD50049498E /* main.m */ = {isa = PBXFileReference; lastKnownFileType = sourcecode.c.objc; path = main.m; sourceTree = "<group>"; };
		65B7C1A61E092DD50049498E /* AppDelegate.h */ = {isa = PBXFileReference; lastKnownFileType = sourcecode.c.h; path = AppDelegate.h; sourceTree = "<group>"; };
		65B7C1A71E092DD50049498E /* AppDelegate.m */ = {isa = PBXFileReference; lastKnownFileType = sourcecode.c.objc; path = AppDelegate.m; sourceTree = "<group>"; };
		65B7C1A91E092DD50049498E /* ViewController.h */ = {isa = PBXFileReference; lastKnownFileType = sourcecode.c.h; path = ViewController.h; sourceTree = "<group>"; };
		65B7C1AA1E092DD50049498E /* ViewController.m */ = {isa = PBXFileReference; lastKnownFileType = sourcecode.c.objc; path = ViewController.m; sourceTree = "<group>"; };
		65B7C1B21E092DD50049498E /* Base */ = {isa = PBXFileReference; lastKnownFileType = file.storyboard; name = Base; path = Base.lproj/LaunchScreen.storyboard; sourceTree = "<group>"; };
		65B7C1B41E092DD50049498E /* Info.plist */ = {isa = PBXFileReference; lastKnownFileType = text.plist.xml; path = Info.plist; sourceTree = "<group>"; };
		65B7C1BB1E0930110049498E /* CoreLocation.framework */ = {isa = PBXFileReference; lastKnownFileType = wrapper.framework; name = CoreLocation.framework; path = System/Library/Frameworks/CoreLocation.framework; sourceTree = SDKROOT; };
		65B7C1BD1E0930170049498E /* MapKit.framework */ = {isa = PBXFileReference; lastKnownFileType = wrapper.framework; name = MapKit.framework; path = System/Library/Frameworks/MapKit.framework; sourceTree = SDKROOT; };
		65B7C1C21E0A39B50049498E /* postAndGetLocation.h */ = {isa = PBXFileReference; fileEncoding = 4; lastKnownFileType = sourcecode.c.h; path = postAndGetLocation.h; sourceTree = "<group>"; };
		65B7C1C31E0A39B50049498E /* postAndGetLocation.m */ = {isa = PBXFileReference; fileEncoding = 4; lastKnownFileType = sourcecode.c.objc; path = postAndGetLocation.m; sourceTree = "<group>"; };
/* End PBXFileReference section */

/* Begin PBXFrameworksBuildPhase section */
		65B7C19D1E092DD50049498E /* Frameworks */ = {
			isa = PBXFrameworksBuildPhase;
			buildActionMask = 2147483647;
			files = (
				659390E71E1B730100BD6051 /* CoreData.framework in Frameworks */,
				65B7C1BE1E0930170049498E /* MapKit.framework in Frameworks */,
				65B7C1BC1E0930110049498E /* CoreLocation.framework in Frameworks */,
			);
			runOnlyForDeploymentPostprocessing = 0;
		};
/* End PBXFrameworksBuildPhase section */

/* Begin PBXGroup section */
		6564B57C1E1E4B1E00EA3E3E /* CoreData */ = {
			isa = PBXGroup;
			children = (
				659390EB1E1C8D3600BD6051 /* CoreDataAction.h */,
				659390EC1E1C8D3600BD6051 /* CoreDataAction.m */,
				659390E01E1B6E4B00BD6051 /* CoreDataManager.h */,
				659390E11E1B6E4B00BD6051 /* CoreDataManager.m */,
				659390F91E1E1F0E00BD6051 /* CoreDataManagerForEvent.h */,
				659390FA1E1E1F0E00BD6051 /* CoreDataManagerForEvent.m */,
			);
			name = CoreData;
			sourceTree = "<group>";
		};
		6564B57D1E1E4B5900EA3E3E /* ViewController */ = {
			isa = PBXGroup;
			children = (
				65B7C1A91E092DD50049498E /* ViewController.h */,
				65B7C1AA1E092DD50049498E /* ViewController.m */,
				652C9EB71E111C6400BD9FC0 /* EditViewController.h */,
				652C9EB81E111C6400BD9FC0 /* EditViewController.m */,
				659390E81E1BA2AB00BD6051 /* FriendsViewController.h */,
				659390E91E1BA2AB00BD6051 /* FriendsViewController.m */,
				659390F31E1D341C00BD6051 /* HistoryRecordViewController.h */,
				659390F41E1D341C00BD6051 /* HistoryRecordViewController.m */,
			);
			name = ViewController;
			sourceTree = "<group>";
		};
		6564B57E1E1E4B8D00EA3E3E /* MethodClass */ = {
			isa = PBXGroup;
			children = (
				659390F61E1DDBE900BD6051 /* MapViewAction.h */,
				659390F71E1DDBE900BD6051 /* MapViewAction.m */,
				65B7C1C21E0A39B50049498E /* postAndGetLocation.h */,
				65B7C1C31E0A39B50049498E /* postAndGetLocation.m */,
			);
			name = MethodClass;
			sourceTree = "<group>";
		};
		65B7C1971E092DD50049498E = {
			isa = PBXGroup;
			children = (
				65B7C1A21E092DD50049498E /* FindMyFriends */,
				65B7C1A11E092DD50049498E /* Products */,
				65B7C1BA1E0930110049498E /* Frameworks */,
			);
			sourceTree = "<group>";
		};
		65B7C1A11E092DD50049498E /* Products */ = {
			isa = PBXGroup;
			children = (
				65B7C1A01E092DD50049498E /* FindMyFriends.app */,
			);
			name = Products;
			sourceTree = "<group>";
		};
		65B7C1A21E092DD50049498E /* FindMyFriends */ = {
			isa = PBXGroup;
			children = (
				65B7C1A61E092DD50049498E /* AppDelegate.h */,
				65B7C1A71E092DD50049498E /* AppDelegate.m */,
				6564B57D1E1E4B5900EA3E3E /* ViewController */,
				6564B57E1E1E4B8D00EA3E3E /* MethodClass */,
				6564B57C1E1E4B1E00EA3E3E /* CoreData */,
				659390EE1E1D01F600BD6051 /* Main.storyboard */,
				659390E31E1B6FF800BD6051 /* FindMyFriends.xcdatamodeld */,
				65B7C1B11E092DD50049498E /* LaunchScreen.storyboard */,
				65B7C1B41E092DD50049498E /* Info.plist */,
				652C9EBA1E1249BD00BD9FC0 /* Assets.xcassets */,
				65B7C1A31E092DD50049498E /* Supporting Files */,
			);
			path = FindMyFriends;
			sourceTree = "<group>";
		};
		65B7C1A31E092DD50049498E /* Supporting Files */ = {
			isa = PBXGroup;
			children = (
				65B7C1A41E092DD50049498E /* main.m */,
			);
			name = "Supporting Files";
			sourceTree = "<group>";
		};
		65B7C1BA1E0930110049498E /* Frameworks */ = {
			isa = PBXGroup;
			children = (
				659390E61E1B730100BD6051 /* CoreData.framework */,
				65B7C1BD1E0930170049498E /* MapKit.framework */,
				65B7C1BB1E0930110049498E /* CoreLocation.framework */,
			);
			name = Frameworks;
			sourceTree = "<group>";
		};
/* End PBXGroup section */

/* Begin PBXNativeTarget section */
		65B7C19F1E092DD50049498E /* FindMyFriends */ = {
			isa = PBXNativeTarget;
			buildConfigurationList = 65B7C1B71E092DD50049498E /* Build configuration list for PBXNativeTarget "FindMyFriends" */;
			buildPhases = (
				65B7C19C1E092DD50049498E /* Sources */,
				65B7C19D1E092DD50049498E /* Frameworks */,
				65B7C19E1E092DD50049498E /* Resources */,
			);
			buildRules = (
			);
			dependencies = (
			);
			name = FindMyFriends;
			productName = FindMyFriends;
			productReference = 65B7C1A01E092DD50049498E /* FindMyFriends.app */;
			productType = "com.apple.product-type.application";
		};
/* End PBXNativeTarget section */

/* Begin PBXProject section */
		65B7C1981E092DD50049498E /* Project object */ = {
			isa = PBXProject;
			attributes = {
				LastUpgradeCheck = 0820;
				ORGANIZATIONNAME = Daniel;
				TargetAttributes = {
					65B7C19F1E092DD50049498E = {
						CreatedOnToolsVersion = 8.2;
						ProvisioningStyle = Automatic;
					};
				};
			};
			buildConfigurationList = 65B7C19B1E092DD50049498E /* Build configuration list for PBXProject "FindMyFriends" */;
			compatibilityVersion = "Xcode 3.2";
			developmentRegion = English;
			hasScannedForEncodings = 0;
			knownRegions = (
				en,
				Base,
			);
			mainGroup = 65B7C1971E092DD50049498E;
			productRefGroup = 65B7C1A11E092DD50049498E /* Products */;
			projectDirPath = "";
			projectRoot = "";
			targets = (
				65B7C19F1E092DD50049498E /* FindMyFriends */,
			);
		};
/* End PBXProject section */

/* Begin PBXResourcesBuildPhase section */
		65B7C19E1E092DD50049498E /* Resources */ = {
			isa = PBXResourcesBuildPhase;
			buildActionMask = 2147483647;
			files = (
				659390EF1E1D01F600BD6051 /* Main.storyboard in Resources */,
				65B7C1B31E092DD50049498E /* LaunchScreen.storyboard in Resources */,
				652C9EBB1E1249BD00BD9FC0 /* Assets.xcassets in Resources */,
			);
			runOnlyForDeploymentPostprocessing = 0;
		};
/* End PBXResourcesBuildPhase section */

/* Begin PBXSourcesBuildPhase section */
		65B7C19C1E092DD50049498E /* Sources */ = {
			isa = PBXSourcesBuildPhase;
			buildActionMask = 2147483647;
			files = (
				659390E21E1B6E4B00BD6051 /* CoreDataManager.m in Sources */,
				659390ED1E1C8D3600BD6051 /* CoreDataAction.m in Sources */,
				65B7C1AB1E092DD50049498E /* ViewController.m in Sources */,
				659390F51E1D341C00BD6051 /* HistoryRecordViewController.m in Sources */,
				65B7C1A81E092DD50049498E /* AppDelegate.m in Sources */,
				65B7C1A51E092DD50049498E /* main.m in Sources */,
				659390EA1E1BA2AB00BD6051 /* FriendsViewController.m in Sources */,
				659390FB1E1E1F0E00BD6051 /* CoreDataManagerForEvent.m in Sources */,
				659390E51E1B6FF800BD6051 /* FindMyFriends.xcdatamodeld in Sources */,
				65B7C1C41E0A39B50049498E /* postAndGetLocation.m in Sources */,
				659390F81E1DDBE900BD6051 /* MapViewAction.m in Sources */,
				652C9EB91E111C6400BD9FC0 /* EditViewController.m in Sources */,
			);
			runOnlyForDeploymentPostprocessing = 0;
		};
/* End PBXSourcesBuildPhase section */

/* Begin PBXVariantGroup section */
		65B7C1B11E092DD50049498E /* LaunchScreen.storyboard */ = {
			isa = PBXVariantGroup;
			children = (
				65B7C1B21E092DD50049498E /* Base */,
			);
			name = LaunchScreen.storyboard;
			sourceTree = "<group>";
		};
/* End PBXVariantGroup section */

/* Begin XCBuildConfiguration section */
		65B7C1B51E092DD50049498E /* Debug */ = {
			isa = XCBuildConfiguration;
			buildSettings = {
				ALWAYS_SEARCH_USER_PATHS = NO;
				CLANG_ANALYZER_NONNULL = YES;
				CLANG_CXX_LANGUAGE_STANDARD = "gnu++0x";
				CLANG_CXX_LIBRARY = "libc++";
				CLANG_ENABLE_MODULES = YES;
				CLANG_ENABLE_OBJC_ARC = YES;
				CLANG_WARN_BOOL_CONVERSION = YES;
				CLANG_WARN_CONSTANT_CONVERSION = YES;
				CLANG_WARN_DIRECT_OBJC_ISA_USAGE = YES_ERROR;
				CLANG_WARN_DOCUMENTATION_COMMENTS = YES;
				CLANG_WARN_EMPTY_BODY = YES;
				CLANG_WARN_ENUM_CONVERSION = YES;
				CLANG_WARN_INFINITE_RECURSION = YES;
				CLANG_WARN_INT_CONVERSION = YES;
				CLANG_WARN_OBJC_ROOT_CLASS = YES_ERROR;
				CLANG_WARN_SUSPICIOUS_MOVE = YES;
				CLANG_WARN_UNREACHABLE_CODE = YES;
				CLANG_WARN__DUPLICATE_METHOD_MATCH = YES;
				"CODE_SIGN_IDENTITY[sdk=iphoneos*]" = "iPhone Developer";
				COPY_PHASE_STRIP = NO;
				DEBUG_INFORMATION_FORMAT = dwarf;
				ENABLE_STRICT_OBJC_MSGSEND = YES;
				ENABLE_TESTABILITY = YES;
				GCC_C_LANGUAGE_STANDARD = gnu99;
				GCC_DYNAMIC_NO_PIC = NO;
				GCC_NO_COMMON_BLOCKS = YES;
				GCC_OPTIMIZATION_LEVEL = 0;
				GCC_PREPROCESSOR_DEFINITIONS = (
					"DEBUG=1",
					"$(inherited)",
				);
				GCC_WARN_64_TO_32_BIT_CONVERSION = YES;
				GCC_WARN_ABOUT_RETURN_TYPE = YES_ERROR;
				GCC_WARN_UNDECLARED_SELECTOR = YES;
				GCC_WARN_UNINITIALIZED_AUTOS = YES_AGGRESSIVE;
				GCC_WARN_UNUSED_FUNCTION = YES;
				GCC_WARN_UNUSED_VARIABLE = YES;
				IPHONEOS_DEPLOYMENT_TARGET = 10.2;
				MTL_ENABLE_DEBUG_INFO = YES;
				ONLY_ACTIVE_ARCH = YES;
				SDKROOT = iphoneos;
				TARGETED_DEVICE_FAMILY = "1,2";
			};
			name = Debug;
		};
		65B7C1B61E092DD50049498E /* Release */ = {
			isa = XCBuildConfiguration;
			buildSettings = {
				ALWAYS_SEARCH_USER_PATHS = NO;
				CLANG_ANALYZER_NONNULL = YES;
				CLANG_CXX_LANGUAGE_STANDARD = "gnu++0x";
				CLANG_CXX_LIBRARY = "libc++";
				CLANG_ENABLE_MODULES = YES;
				CLANG_ENABLE_OBJC_ARC = YES;
				CLANG_WARN_BOOL_CONVERSION = YES;
				CLANG_WARN_CONSTANT_CONVERSION = YES;
				CLANG_WARN_DIRECT_OBJC_ISA_USAGE = YES_ERROR;
				CLANG_WARN_DOCUMENTATION_COMMENTS = YES;
				CLANG_WARN_EMPTY_BODY = YES;
				CLANG_WARN_ENUM_CONVERSION = YES;
				CLANG_WARN_INFINITE_RECURSION = YES;
				CLANG_WARN_INT_CONVERSION = YES;
				CLANG_WARN_OBJC_ROOT_CLASS = YES_ERROR;
				CLANG_WARN_SUSPICIOUS_MOVE = YES;
				CLANG_WARN_UNREACHABLE_CODE = YES;
				CLANG_WARN__DUPLICATE_METHOD_MATCH = YES;
				"CODE_SIGN_IDENTITY[sdk=iphoneos*]" = "iPhone Developer";
				COPY_PHASE_STRIP = NO;
				DEBUG_INFORMATION_FORMAT = "dwarf-with-dsym";
				ENABLE_NS_ASSERTIONS = NO;
				ENABLE_STRICT_OBJC_MSGSEND = YES;
				GCC_C_LANGUAGE_STANDARD = gnu99;
				GCC_NO_COMMON_BLOCKS = YES;
				GCC_WARN_64_TO_32_BIT_CONVERSION = YES;
				GCC_WARN_ABOUT_RETURN_TYPE = YES_ERROR;
				GCC_WARN_UNDECLARED_SELECTOR = YES;
				GCC_WARN_UNINITIALIZED_AUTOS = YES_AGGRESSIVE;
				GCC_WARN_UNUSED_FUNCTION = YES;
				GCC_WARN_UNUSED_VARIABLE = YES;
				IPHONEOS_DEPLOYMENT_TARGET = 10.2;
				MTL_ENABLE_DEBUG_INFO = NO;
				SDKROOT = iphoneos;
				TARGETED_DEVICE_FAMILY = "1,2";
				VALIDATE_PRODUCT = YES;
			};
			name = Release;
		};
		65B7C1B81E092DD50049498E /* Debug */ = {
			isa = XCBuildConfiguration;
			buildSettings = {
				ASSETCATALOG_COMPILER_APPICON_NAME = AppIcon;
				INFOPLIST_FILE = FindMyFriends/Info.plist;
				LD_RUNPATH_SEARCH_PATHS = "$(inherited) @executable_path/Frameworks";
				PRODUCT_BUNDLE_IDENTIFIER = com.Daniel.FindMyFriends;
				PRODUCT_NAME = "$(TARGET_NAME)";
			};
			name = Debug;
		};
		65B7C1B91E092DD50049498E /* Release */ = {
			isa = XCBuildConfiguration;
			buildSettings = {
				ASSETCATALOG_COMPILER_APPICON_NAME = AppIcon;
				INFOPLIST_FILE = FindMyFriends/Info.plist;
				LD_RUNPATH_SEARCH_PATHS = "$(inherited) @executable_path/Frameworks";
				PRODUCT_BUNDLE_IDENTIFIER = com.Daniel.FindMyFriends;
				PRODUCT_NAME = "$(TARGET_NAME)";
			};
			name = Release;
		};
/* End XCBuildConfiguration section */

/* Begin XCConfigurationList section */
		65B7C19B1E092DD50049498E /* Build configuration list for PBXProject "FindMyFriends" */ = {
			isa = XCConfigurationList;
			buildConfigurations = (
				65B7C1B51E092DD50049498E /* Debug */,
				65B7C1B61E092DD50049498E /* Release */,
			);
			defaultConfigurationIsVisible = 0;
			defaultConfigurationName = Release;
		};
		65B7C1B71E092DD50049498E /* Build configuration list for PBXNativeTarget "FindMyFriends" */ = {
			isa = XCConfigurationList;
			buildConfigurations = (
				65B7C1B81E092DD50049498E /* Debug */,
				65B7C1B91E092DD50049498E /* Release */,
			);
			defaultConfigurationIsVisible = 0;
			defaultConfigurationName = Release;
		};
/* End XCConfigurationList section */

/* Begin XCVersionGroup section */
		659390E31E1B6FF800BD6051 /* FindMyFriends.xcdatamodeld */ = {
			isa = XCVersionGroup;
			children = (
				659390E41E1B6FF800BD6051 /* FindMyFriends.xcdatamodel */,
			);
			currentVersion = 659390E41E1B6FF800BD6051 /* FindMyFriends.xcdatamodel */;
			path = FindMyFriends.xcdatamodeld;
			sourceTree = "<group>";
			versionGroupType = wrapper.xcdatamodel;
		};
/* End XCVersionGroup section */
	};
	rootObject = 65B7C1981E092DD50049498E /* Project object */;
}
